<?xml version="1.0" encoding="utf-8"?>
<Project ToolsVersion="4.0" xmlns="http://schemas.microsoft.com/developer/msbuild/2003">
  <ItemGroup>
    <Filter Include="소스 파일">
      <UniqueIdentifier>{4FC737F1-C7A5-4376-A066-2A32D752A2FF}</UniqueIdentifier>
      <Extensions>cpp;c;cc;cxx;c++;cppm;ixx;def;odl;idl;hpj;bat;asm;asmx</Extensions>
    </Filter>
    <Filter Include="헤더 파일">
      <UniqueIdentifier>{93995380-89BD-4b04-88EB-625FBE52EBFB}</UniqueIdentifier>
      <Extensions>h;hh;hpp;hxx;h++;hm;inl;inc;ipp;xsd</Extensions>
    </Filter>
    <Filter Include="리소스 파일">
      <UniqueIdentifier>{67DA6AB6-F800-4c08-8B7A-83BB121AAD01}</UniqueIdentifier>
      <Extensions>rc;ico;cur;bmp;dlg;rc2;rct;bin;rgs;gif;jpg;jpeg;jpe;resx;tiff;tif;png;wav;mfcribbon-ms</Extensions>
    </Filter>
    <Filter Include="소스 파일\View">
      <UniqueIdentifier>{40683e1c-7baf-489c-af9e-c33970062952}</UniqueIdentifier>
    </Filter>
    <Filter Include="헤더 파일\View">
      <UniqueIdentifier>{f66a4eed-561f-4fa2-9e82-cdd90206868e}</UniqueIdentifier>
    </Filter>
    <Filter Include="소스 파일\EventSystem">
      <UniqueIdentifier>{62aac416-e7b0-40a0-bcf1-6ebefe062309}</UniqueIdentifier>
    </Filter>
    <Filter Include="헤더 파일\EventSystem">
      <UniqueIdentifier>{a20120cb-907e-4f02-8d33-7a39771a98bc}</UniqueIdentifier>
    </Filter>
    <Filter Include="ShaderCollection">
      <UniqueIdentifier>{4f7b4d02-5045-4b2a-847f-126333006636}</UniqueIdentifier>
    </Filter>
    <Filter Include="소스 파일\Scene">
      <UniqueIdentifier>{6d190a1b-b03e-452a-af52-e30a2468d7bb}</UniqueIdentifier>
    </Filter>
    <Filter Include="소스 파일\Scene\Object">
      <UniqueIdentifier>{679351ed-31c2-4f21-80d7-24aef89eeba8}</UniqueIdentifier>
    </Filter>
    <Filter Include="헤더 파일\Scene">
      <UniqueIdentifier>{7148771d-1b2d-49df-8870-8d13c70b8e56}</UniqueIdentifier>
    </Filter>
    <Filter Include="헤더 파일\Scene\Object">
      <UniqueIdentifier>{480655f4-d7e7-47d7-87f5-5bae7ca33a4b}</UniqueIdentifier>
    </Filter>
  </ItemGroup>
  <ItemGroup>
    <ClCompile Include="main.cpp">
      <Filter>소스 파일</Filter>
    </ClCompile>
    <ClCompile Include="WindowManager.cpp">
      <Filter>소스 파일</Filter>
    </ClCompile>
    <ClCompile Include="Scene\Object\Mesh.cpp">
      <Filter>소스 파일\Scene\Object</Filter>
    </ClCompile>
    <ClCompile Include="Scene\Object\Object.cpp">
      <Filter>소스 파일\Scene\Object</Filter>
    </ClCompile>
    <ClCompile Include="Scene\Object\GeometryConstructor.cpp">
      <Filter>소스 파일\Scene\Object</Filter>
    </ClCompile>
    <ClCompile Include="View\MainWindowView.cpp">
      <Filter>소스 파일\View</Filter>
    </ClCompile>
    <ClCompile Include="EventSystem\Event.cpp">
      <Filter>소스 파일\EventSystem</Filter>
    </ClCompile>
    <ClCompile Include="Scene\Object\Material.cpp">
      <Filter>소스 파일\Scene\Object</Filter>
    </ClCompile>
    <ClCompile Include="Scene\Scene.cpp">
      <Filter>소스 파일\Scene</Filter>
    </ClCompile>
    <ClCompile Include="Scene\SceneManager.cpp">
      <Filter>소스 파일\Scene</Filter>
    </ClCompile>
    <ClCompile Include="View\ViewController.cpp">
      <Filter>소스 파일\View</Filter>
    </ClCompile>
  </ItemGroup>
  <ItemGroup>
    <ClInclude Include="WindowManager.h">
      <Filter>헤더 파일</Filter>
    </ClInclude>
    <ClInclude Include="Scene\Object\Object.h">
      <Filter>헤더 파일\Scene\Object</Filter>
    </ClInclude>
    <ClInclude Include="Scene\Object\Mesh.h">
      <Filter>헤더 파일\Scene\Object</Filter>
    </ClInclude>
    <ClInclude Include="Scene\Object\GeometryConstructor.h">
      <Filter>헤더 파일\Scene\Object</Filter>
    </ClInclude>
    <ClInclude Include="View\MainWindowView.h">
      <Filter>헤더 파일\View</Filter>
    </ClInclude>
    <ClInclude Include="EventSystem\Event.h">
      <Filter>헤더 파일\EventSystem</Filter>
    </ClInclude>
    <ClInclude Include="Scene\Object\Material.h">
      <Filter>헤더 파일\Scene\Object</Filter>
    </ClInclude>
    <ClInclude Include="Scene\Scene.h">
      <Filter>헤더 파일\Scene</Filter>
    </ClInclude>
    <ClInclude Include="Scene\SceneManager.h">
      <Filter>헤더 파일\Scene</Filter>
    </ClInclude>
    <ClInclude Include="View\ViewController.h">
      <Filter>헤더 파일\View</Filter>
    </ClInclude>
  </ItemGroup>
  <ItemGroup>
    <FxCompile Include="ShaderCollection\PixelShader.hlsl">
      <Filter>ShaderCollection</Filter>
    </FxCompile>
    <FxCompile Include="ShaderCollection\VertexShader.hlsl">
      <Filter>ShaderCollection</Filter>
    </FxCompile>
  </ItemGroup>
</Project>